<?xml version="1.0" encoding="utf-8"?>
<Project ToolsVersion="16.0" xmlns="http://schemas.microsoft.com/developer/msbuild/2003">
  <ItemGroup>
    <ClCompile Include="C:\Users\Workstation\Desktop\TetrisCmake\project\libs\src\random_uint32_t.cpp">
      <Filter>Source Files</Filter>
    </ClCompile>
    <ClCompile Include="C:\Users\Workstation\Desktop\TetrisCmake\project\libs\src\tetris.cpp">
      <Filter>Source Files</Filter>
    </ClCompile>
    <ClCompile Include="C:\Users\Workstation\Desktop\TetrisCmake\project\libs\src\tetris_object.cpp">
      <Filter>Source Files</Filter>
    </ClCompile>
  </ItemGroup>
  <ItemGroup>
    <ClInclude Include="C:\Users\Workstation\Desktop\TetrisCmake\project\libs\include\random_uint32_t.h">
      <Filter>Header Files</Filter>
    </ClInclude>
    <ClInclude Include="C:\Users\Workstation\Desktop\TetrisCmake\project\libs\include\tetris.h">
      <Filter>Header Files</Filter>
    </ClInclude>
    <ClInclude Include="C:\Users\Workstation\Desktop\TetrisCmake\project\libs\include\tetris_object.h">
      <Filter>Header Files</Filter>
    </ClInclude>
  </ItemGroup>
  <ItemGroup>
    <CustomBuild Include="C:\Users\Workstation\Desktop\TetrisCmake\project\libs\CMakeLists.txt" />
  </ItemGroup>
  <ItemGroup>
    <Filter Include="Header Files">
      <UniqueIdentifier>{80485A1D-F2D2-39C2-8820-B717CB5A95CF}</UniqueIdentifier>
    </Filter>
    <Filter Include="Source Files">
      <UniqueIdentifier>{4CC24AC3-DAAF-3233-B619-EF1953B7BDD9}</UniqueIdentifier>
    </Filter>
  </ItemGroup>
</Project>
