<?xml version="1.0" encoding="utf-8"?>
<Project ToolsVersion="16.0" xmlns="http://schemas.microsoft.com/developer/msbuild/2003">
  <ItemGroup>
    <ClCompile Include="C:\Users\Workstation\Documents\CPP\TetrisCmake\project\libs\rand_num_gen\src\random_uint32_t.cpp">
      <Filter>Source Files</Filter>
    </ClCompile>
  </ItemGroup>
  <ItemGroup>
    <ClInclude Include="C:\Users\Workstation\Documents\CPP\TetrisCmake\project\libs\rand_num_gen\include\random_uint32_t.h">
      <Filter>Header Files</Filter>
    </ClInclude>
  </ItemGroup>
  <ItemGroup>
    <CustomBuild Include="C:\Users\Workstation\Documents\CPP\TetrisCmake\project\libs\rand_num_gen\CMakeLists.txt" />
  </ItemGroup>
  <ItemGroup>
    <Filter Include="Header Files">
      <UniqueIdentifier>{98BBE051-6981-3F7C-8F49-AD2BD3F6541B}</UniqueIdentifier>
    </Filter>
    <Filter Include="Source Files">
      <UniqueIdentifier>{32206A2F-1629-389D-9CB3-007C592E5F68}</UniqueIdentifier>
    </Filter>
  </ItemGroup>
</Project>
