Microsoft Visual Studio Solution File, Format Version 12.00
# Visual Studio 16
Project("{8BC9CEB8-8B4A-11D0-8D11-00A0C91BC942}") = "ALL_BUILD", "ALL_BUILD.vcxproj", "{058F9EFE-FBE6-397A-B0C9-5EB561C03A02}"
	ProjectSection(ProjectDependencies) = postProject
		{2A55535F-6798-3FA3-B6DF-E98A8A2073DA} = {2A55535F-6798-3FA3-B6DF-E98A8A2073DA}
		{36443691-5DEF-32C1-A1D3-8DBE1A3D4D12} = {36443691-5DEF-32C1-A1D3-8DBE1A3D4D12}
		{6FF5D6F4-0631-339B-914D-C264CA1669A8} = {6FF5D6F4-0631-339B-914D-C264CA1669A8}
	EndProjectSection
EndProject
Project("{8BC9CEB8-8B4A-11D0-8D11-00A0C91BC942}") = "ZERO_CHECK", "ZERO_CHECK.vcxproj", "{2A55535F-6798-3FA3-B6DF-E98A8A2073DA}"
	ProjectSection(ProjectDependencies) = postProject
	EndProjectSection
EndProject
Project("{8BC9CEB8-8B4A-11D0-8D11-00A0C91BC942}") = "tetris", "project\main\tetris.vcxproj", "{36443691-5DEF-32C1-A1D3-8DBE1A3D4D12}"
	ProjectSection(ProjectDependencies) = postProject
		{2A55535F-6798-3FA3-B6DF-E98A8A2073DA} = {2A55535F-6798-3FA3-B6DF-E98A8A2073DA}
		{6FF5D6F4-0631-339B-914D-C264CA1669A8} = {6FF5D6F4-0631-339B-914D-C264CA1669A8}
	EndProjectSection
EndProject
Project("{8BC9CEB8-8B4A-11D0-8D11-00A0C91BC942}") = "tetris_game", "project\libs\tetris_game.vcxproj", "{6FF5D6F4-0631-339B-914D-C264CA1669A8}"
	ProjectSection(ProjectDependencies) = postProject
		{2A55535F-6798-3FA3-B6DF-E98A8A2073DA} = {2A55535F-6798-3FA3-B6DF-E98A8A2073DA}
	EndProjectSection
EndProject
Global
	GlobalSection(SolutionConfigurationPlatforms) = preSolution
		Debug|x64 = Debug|x64
		Release|x64 = Release|x64
		MinSizeRel|x64 = MinSizeRel|x64
		RelWithDebInfo|x64 = RelWithDebInfo|x64
	EndGlobalSection
	GlobalSection(ProjectConfigurationPlatforms) = postSolution
		{058F9EFE-FBE6-397A-B0C9-5EB561C03A02}.Debug|x64.ActiveCfg = Debug|x64
		{058F9EFE-FBE6-397A-B0C9-5EB561C03A02}.Release|x64.ActiveCfg = Release|x64
		{058F9EFE-FBE6-397A-B0C9-5EB561C03A02}.MinSizeRel|x64.ActiveCfg = MinSizeRel|x64
		{058F9EFE-FBE6-397A-B0C9-5EB561C03A02}.RelWithDebInfo|x64.ActiveCfg = RelWithDebInfo|x64
		{2A55535F-6798-3FA3-B6DF-E98A8A2073DA}.Debug|x64.ActiveCfg = Debug|x64
		{2A55535F-6798-3FA3-B6DF-E98A8A2073DA}.Debug|x64.Build.0 = Debug|x64
		{2A55535F-6798-3FA3-B6DF-E98A8A2073DA}.Release|x64.ActiveCfg = Release|x64
		{2A55535F-6798-3FA3-B6DF-E98A8A2073DA}.Release|x64.Build.0 = Release|x64
		{2A55535F-6798-3FA3-B6DF-E98A8A2073DA}.MinSizeRel|x64.ActiveCfg = MinSizeRel|x64
		{2A55535F-6798-3FA3-B6DF-E98A8A2073DA}.MinSizeRel|x64.Build.0 = MinSizeRel|x64
		{2A55535F-6798-3FA3-B6DF-E98A8A2073DA}.RelWithDebInfo|x64.ActiveCfg = RelWithDebInfo|x64
		{2A55535F-6798-3FA3-B6DF-E98A8A2073DA}.RelWithDebInfo|x64.Build.0 = RelWithDebInfo|x64
		{36443691-5DEF-32C1-A1D3-8DBE1A3D4D12}.Debug|x64.ActiveCfg = Debug|x64
		{36443691-5DEF-32C1-A1D3-8DBE1A3D4D12}.Debug|x64.Build.0 = Debug|x64
		{36443691-5DEF-32C1-A1D3-8DBE1A3D4D12}.Release|x64.ActiveCfg = Release|x64
		{36443691-5DEF-32C1-A1D3-8DBE1A3D4D12}.Release|x64.Build.0 = Release|x64
		{36443691-5DEF-32C1-A1D3-8DBE1A3D4D12}.MinSizeRel|x64.ActiveCfg = MinSizeRel|x64
		{36443691-5DEF-32C1-A1D3-8DBE1A3D4D12}.MinSizeRel|x64.Build.0 = MinSizeRel|x64
		{36443691-5DEF-32C1-A1D3-8DBE1A3D4D12}.RelWithDebInfo|x64.ActiveCfg = RelWithDebInfo|x64
		{36443691-5DEF-32C1-A1D3-8DBE1A3D4D12}.RelWithDebInfo|x64.Build.0 = RelWithDebInfo|x64
		{6FF5D6F4-0631-339B-914D-C264CA1669A8}.Debug|x64.ActiveCfg = Debug|x64
		{6FF5D6F4-0631-339B-914D-C264CA1669A8}.Debug|x64.Build.0 = Debug|x64
		{6FF5D6F4-0631-339B-914D-C264CA1669A8}.Release|x64.ActiveCfg = Release|x64
		{6FF5D6F4-0631-339B-914D-C264CA1669A8}.Release|x64.Build.0 = Release|x64
		{6FF5D6F4-0631-339B-914D-C264CA1669A8}.MinSizeRel|x64.ActiveCfg = MinSizeRel|x64
		{6FF5D6F4-0631-339B-914D-C264CA1669A8}.MinSizeRel|x64.Build.0 = MinSizeRel|x64
		{6FF5D6F4-0631-339B-914D-C264CA1669A8}.RelWithDebInfo|x64.ActiveCfg = RelWithDebInfo|x64
		{6FF5D6F4-0631-339B-914D-C264CA1669A8}.RelWithDebInfo|x64.Build.0 = RelWithDebInfo|x64
	EndGlobalSection
	GlobalSection(ExtensibilityGlobals) = postSolution
		SolutionGuid = {77C92017-D43B-3E35-B6A4-6BB1A48E9C5F}
	EndGlobalSection
	GlobalSection(ExtensibilityAddIns) = postSolution
	EndGlobalSection
EndGlobal
