<?xml version="1.0" encoding="utf-8"?>
<Project ToolsVersion="16.0" xmlns="http://schemas.microsoft.com/developer/msbuild/2003">
  <ItemGroup>
    <CustomBuild Include="C:\Users\Workstation\Documents\CPP\TetrisCmake\_builds\CMakeFiles\4907bde96bb608cf4e9d42d0edd933c9\generate.stamp.rule">
      <Filter>CMake Rules</Filter>
    </CustomBuild>
  </ItemGroup>
  <ItemGroup>
    <Filter Include="CMake Rules">
      <UniqueIdentifier>{077D59F9-4394-322F-ABF9-D6AE2BFA1B85}</UniqueIdentifier>
    </Filter>
  </ItemGroup>
</Project>
