
Microsoft Visual Studio Solution File, Format Version 12.00
# Visual Studio Version 16
VisualStudioVersion = 16.0.29102.190
MinimumVisualStudioVersion = 10.0.40219.1
Project("{8BC9CEB8-8B4A-11D0-8D11-00A0C91BC942}") = "MyVector", "MyVector\MyVector.vcxproj", "{B1C22038-8E42-4AC7-8C95-FB03D53EA723}"
EndProject
Project("{2150E333-8FDC-42A3-9474-1A3956D46DE8}") = "Solution Items", "Solution Items", "{49F7A9E0-D2B5-48E0-84AB-D4567A5C35BC}"
EndProject
Global
	GlobalSection(SolutionConfigurationPlatforms) = preSolution
		Debug|x64 = Debug|x64
		Debug|x86 = Debug|x86
		Release|x64 = Release|x64
		Release|x86 = Release|x86
	EndGlobalSection
	GlobalSection(ProjectConfigurationPlatforms) = postSolution
		{B1C22038-8E42-4AC7-8C95-FB03D53EA723}.Debug|x64.ActiveCfg = Debug|x64
		{B1C22038-8E42-4AC7-8C95-FB03D53EA723}.Debug|x64.Build.0 = Debug|x64
		{B1C22038-8E42-4AC7-8C95-FB03D53EA723}.Debug|x86.ActiveCfg = Debug|Win32
		{B1C22038-8E42-4AC7-8C95-FB03D53EA723}.Debug|x86.Build.0 = Debug|Win32
		{B1C22038-8E42-4AC7-8C95-FB03D53EA723}.Release|x64.ActiveCfg = Release|x64
		{B1C22038-8E42-4AC7-8C95-FB03D53EA723}.Release|x64.Build.0 = Release|x64
		{B1C22038-8E42-4AC7-8C95-FB03D53EA723}.Release|x86.ActiveCfg = Release|Win32
		{B1C22038-8E42-4AC7-8C95-FB03D53EA723}.Release|x86.Build.0 = Release|Win32
	EndGlobalSection
	GlobalSection(SolutionProperties) = preSolution
		HideSolutionNode = FALSE
	EndGlobalSection
	GlobalSection(ExtensibilityGlobals) = postSolution
		SolutionGuid = {A877B603-0C2A-4771-81B2-FE8B481DA8E3}
	EndGlobalSection
EndGlobal
